
Microsoft Visual Studio Solution File, Format Version 12.00
# Visual Studio Version 16
VisualStudioVersion = 16.0.31624.102
MinimumVisualStudioVersion = 10.0.40219.1
Project("{FAE04EC0-301F-11D3-BF4B-00C04F79EFBC}") = "AquarelaVesp", "AquarelaVesp.csproj", "{13A71E4A-4549-4E3A-8D70-15F71000D447}"
EndProject
Global
	GlobalSection(SolutionConfigurationPlatforms) = preSolution
		Debug|Any CPU = Debug|Any CPU
		Release|Any CPU = Release|Any CPU
	EndGlobalSection
	GlobalSection(ProjectConfigurationPlatforms) = postSolution
		{13A71E4A-4549-4E3A-8D70-15F71000D447}.Debug|Any CPU.ActiveCfg = Debug|Any CPU
		{13A71E4A-4549-4E3A-8D70-15F71000D447}.Debug|Any CPU.Build.0 = Debug|Any CPU
		{13A71E4A-4549-4E3A-8D70-15F71000D447}.Release|Any CPU.ActiveCfg = Release|Any CPU
		{13A71E4A-4549-4E3A-8D70-15F71000D447}.Release|Any CPU.Build.0 = Release|Any CPU
	EndGlobalSection
	GlobalSection(SolutionProperties) = preSolution
		HideSolutionNode = FALSE
	EndGlobalSection
	GlobalSection(ExtensibilityGlobals) = postSolution
		SolutionGuid = {EFA39C6D-349C-4CDB-AD7C-D7500B0A8D6B}
	EndGlobalSection
	GlobalSection(TeamFoundationVersionControl) = preSolution
		SccNumberOfProjects = 2
		SccEnterpriseProvider = {4CA58AB2-18FA-4F8D-95D4-32DDF27D184C}
		SccTeamFoundationServer = http://tfs.miltecti.com.br:8181/tfs/miltectraining
		SccLocalPath0 = .
		SccProjectUniqueName1 = AquarelaVesp.csproj
		SccLocalPath1 = .
	EndGlobalSection
EndGlobal
